
Microsoft Visual Studio Solution File, Format Version 12.00
# Visual Studio 2012
Project("{FAE04EC0-301F-11D3-BF4B-00C04F79EFBC}") = "DDDSkeletonNet.Infrastructure.Common", "DDDSkeletonNet.Infrastructure.Common\DDDSkeletonNet.Infrastructure.Common.csproj", "{FDB63A3C-D7A3-4B1E-A3F5-51B157540B16}"
EndProject
Project("{FAE04EC0-301F-11D3-BF4B-00C04F79EFBC}") = "DDDSkeleton.Portal.Domain", "DDDSkeleton.Portal.Domain\DDDSkeleton.Portal.Domain.csproj", "{46995445-847C-4B5D-870E-22EE8559EA4E}"
EndProject
Global
	GlobalSection(SolutionConfigurationPlatforms) = preSolution
		Debug|Any CPU = Debug|Any CPU
		Release|Any CPU = Release|Any CPU
	EndGlobalSection
	GlobalSection(ProjectConfigurationPlatforms) = postSolution
		{FDB63A3C-D7A3-4B1E-A3F5-51B157540B16}.Debug|Any CPU.ActiveCfg = Debug|Any CPU
		{FDB63A3C-D7A3-4B1E-A3F5-51B157540B16}.Debug|Any CPU.Build.0 = Debug|Any CPU
		{FDB63A3C-D7A3-4B1E-A3F5-51B157540B16}.Release|Any CPU.ActiveCfg = Release|Any CPU
		{FDB63A3C-D7A3-4B1E-A3F5-51B157540B16}.Release|Any CPU.Build.0 = Release|Any CPU
		{46995445-847C-4B5D-870E-22EE8559EA4E}.Debug|Any CPU.ActiveCfg = Debug|Any CPU
		{46995445-847C-4B5D-870E-22EE8559EA4E}.Debug|Any CPU.Build.0 = Debug|Any CPU
		{46995445-847C-4B5D-870E-22EE8559EA4E}.Release|Any CPU.ActiveCfg = Release|Any CPU
		{46995445-847C-4B5D-870E-22EE8559EA4E}.Release|Any CPU.Build.0 = Release|Any CPU
	EndGlobalSection
	GlobalSection(SolutionProperties) = preSolution
		HideSolutionNode = FALSE
	EndGlobalSection
EndGlobal
